
Microsoft Visual Studio Solution File, Format Version 12.00
# Visual Studio Version 17
VisualStudioVersion = 17.1.32319.34
MinimumVisualStudioVersion = 10.0.40219.1
Project("{9A19103F-16F7-4668-BE54-9A1E7A4F7556}") = "Hartree", "Hartree\Hartree.csproj", "{711A397F-8FC8-4CDB-B794-3C0160DBF4A2}"
EndProject
Global
	GlobalSection(SolutionConfigurationPlatforms) = preSolution
		Debug|Any CPU = Debug|Any CPU
		Release|Any CPU = Release|Any CPU
	EndGlobalSection
	GlobalSection(ProjectConfigurationPlatforms) = postSolution
		{711A397F-8FC8-4CDB-B794-3C0160DBF4A2}.Debug|Any CPU.ActiveCfg = Debug|Any CPU
		{711A397F-8FC8-4CDB-B794-3C0160DBF4A2}.Debug|Any CPU.Build.0 = Debug|Any CPU
		{711A397F-8FC8-4CDB-B794-3C0160DBF4A2}.Release|Any CPU.ActiveCfg = Release|Any CPU
		{711A397F-8FC8-4CDB-B794-3C0160DBF4A2}.Release|Any CPU.Build.0 = Release|Any CPU
	EndGlobalSection
	GlobalSection(SolutionProperties) = preSolution
		HideSolutionNode = FALSE
	EndGlobalSection
	GlobalSection(ExtensibilityGlobals) = postSolution
		SolutionGuid = {5E3F0B25-F14B-48B3-96F7-D052BE3B1EC9}
	EndGlobalSection
EndGlobal
